
Microsoft Visual Studio Solution File, Format Version 12.00
# Visual Studio Version 17
VisualStudioVersion = 17.8.34309.116
MinimumVisualStudioVersion = 10.0.40219.1
Project("{FAE04EC0-301F-11D3-BF4B-00C04F79EFBC}") = "BlazorApp1", "BlazorApp1\BlazorApp1\BlazorApp1.csproj", "{6CE1618D-EB79-48FA-999C-94A025E12650}"
EndProject
Project("{FAE04EC0-301F-11D3-BF4B-00C04F79EFBC}") = "BlazorApp1.Client", "BlazorApp1\BlazorApp1.Client\BlazorApp1.Client.csproj", "{E8EFF2A8-C18E-41AB-9FE6-FD3F99DED815}"
EndProject
Global
	GlobalSection(SolutionConfigurationPlatforms) = preSolution
		Debug|Any CPU = Debug|Any CPU
		Release|Any CPU = Release|Any CPU
	EndGlobalSection
	GlobalSection(ProjectConfigurationPlatforms) = postSolution
		{6CE1618D-EB79-48FA-999C-94A025E12650}.Debug|Any CPU.ActiveCfg = Debug|Any CPU
		{6CE1618D-EB79-48FA-999C-94A025E12650}.Debug|Any CPU.Build.0 = Debug|Any CPU
		{6CE1618D-EB79-48FA-999C-94A025E12650}.Release|Any CPU.ActiveCfg = Release|Any CPU
		{6CE1618D-EB79-48FA-999C-94A025E12650}.Release|Any CPU.Build.0 = Release|Any CPU
		{E8EFF2A8-C18E-41AB-9FE6-FD3F99DED815}.Debug|Any CPU.ActiveCfg = Debug|Any CPU
		{E8EFF2A8-C18E-41AB-9FE6-FD3F99DED815}.Debug|Any CPU.Build.0 = Debug|Any CPU
		{E8EFF2A8-C18E-41AB-9FE6-FD3F99DED815}.Release|Any CPU.ActiveCfg = Release|Any CPU
		{E8EFF2A8-C18E-41AB-9FE6-FD3F99DED815}.Release|Any CPU.Build.0 = Release|Any CPU
	EndGlobalSection
	GlobalSection(SolutionProperties) = preSolution
		HideSolutionNode = FALSE
	EndGlobalSection
	GlobalSection(ExtensibilityGlobals) = postSolution
		SolutionGuid = {2C814040-3D48-43A1-85AF-93249F23B6BB}
	EndGlobalSection
EndGlobal
